Microsoft Visual Studio Solution File, Format Version 12.00
# Visual Studio 15
VisualStudioVersion = 15.0.27004.2009
MinimumVisualStudioVersion = 10.0.40219.1
Project("{9A19103F-16F7-4668-BE54-9A1E7A4F7556}") = "PickMeUp", "PickMeUp\PickMeUp.csproj", "{FB8179AE-9470-4F1A-B5B7-DE34CED3FE70}"
EndProject
Project("{9A19103F-16F7-4668-BE54-9A1E7A4F7556}") = "PickMeUp.tests", "PickMeUp.tests\PickMeUp.tests.csproj", "{03DE906A-D802-4DEB-901C-43712E22CB8D}"
EndProject
Project("{2150E333-8FDC-42A3-9474-1A3956D46DE8}") = "Tests", "Tests", "{31B2A533-1147-4607-91A3-CA4CC76A371C}"
EndProject
Global
	GlobalSection(SolutionConfigurationPlatforms) = preSolution
		Debug|Any CPU = Debug|Any CPU
		Release|Any CPU = Release|Any CPU
	EndGlobalSection
	GlobalSection(ProjectConfigurationPlatforms) = postSolution
		{FB8179AE-9470-4F1A-B5B7-DE34CED3FE70}.Debug|Any CPU.ActiveCfg = Debug|Any CPU
		{FB8179AE-9470-4F1A-B5B7-DE34CED3FE70}.Debug|Any CPU.Build.0 = Debug|Any CPU
		{FB8179AE-9470-4F1A-B5B7-DE34CED3FE70}.Release|Any CPU.ActiveCfg = Release|Any CPU
		{FB8179AE-9470-4F1A-B5B7-DE34CED3FE70}.Release|Any CPU.Build.0 = Release|Any CPU
		{03DE906A-D802-4DEB-901C-43712E22CB8D}.Debug|Any CPU.ActiveCfg = Debug|Any CPU
		{03DE906A-D802-4DEB-901C-43712E22CB8D}.Debug|Any CPU.Build.0 = Debug|Any CPU
		{03DE906A-D802-4DEB-901C-43712E22CB8D}.Release|Any CPU.ActiveCfg = Release|Any CPU
		{03DE906A-D802-4DEB-901C-43712E22CB8D}.Release|Any CPU.Build.0 = Release|Any CPU
	EndGlobalSection
	GlobalSection(SolutionProperties) = preSolution
		HideSolutionNode = FALSE
	EndGlobalSection
	GlobalSection(NestedProjects) = preSolution
		{03DE906A-D802-4DEB-901C-43712E22CB8D} = {31B2A533-1147-4607-91A3-CA4CC76A371C}
	EndGlobalSection
	GlobalSection(ExtensibilityGlobals) = postSolution
		SolutionGuid = {D668A748-9035-4142-8E71-92E109C4AAB4}
	EndGlobalSection
EndGlobal
